
Microsoft Visual Studio Solution File, Format Version 12.00
# Visual Studio Version 17
VisualStudioVersion = 17.6.33815.320
MinimumVisualStudioVersion = 10.0.40219.1
Project("{FAE04EC0-301F-11D3-BF4B-00C04F79EFBC}") = "RegistroUsuarios", "RegistroUsuarios\RegistroUsuarios.csproj", "{C25DF8F2-AFA5-4A64-A5E6-6FE502DDBBF8}"
EndProject
Global
	GlobalSection(SolutionConfigurationPlatforms) = preSolution
		Debug|Any CPU = Debug|Any CPU
		Release|Any CPU = Release|Any CPU
	EndGlobalSection
	GlobalSection(ProjectConfigurationPlatforms) = postSolution
		{C25DF8F2-AFA5-4A64-A5E6-6FE502DDBBF8}.Debug|Any CPU.ActiveCfg = Debug|Any CPU
		{C25DF8F2-AFA5-4A64-A5E6-6FE502DDBBF8}.Debug|Any CPU.Build.0 = Debug|Any CPU
		{C25DF8F2-AFA5-4A64-A5E6-6FE502DDBBF8}.Release|Any CPU.ActiveCfg = Release|Any CPU
		{C25DF8F2-AFA5-4A64-A5E6-6FE502DDBBF8}.Release|Any CPU.Build.0 = Release|Any CPU
	EndGlobalSection
	GlobalSection(SolutionProperties) = preSolution
		HideSolutionNode = FALSE
	EndGlobalSection
	GlobalSection(ExtensibilityGlobals) = postSolution
		SolutionGuid = {DFFD34F9-BCFB-4EA9-ACB3-B313B8245C78}
	EndGlobalSection
EndGlobal
